{
  "pins" : [
    {
      "identity" : "challengebase",
      "kind" : "remoteSourceControl",
      "location" : "https://github.com/Kaitachi/ChallengeBase",
      "state" : {
        "revision" : "f22a09924eab424c2b1fb44f060373f55058692a",
        "version" : "0.1.15"
      }
    }
  ],
  "version" : 2
}
