{
  "pins" : [
    {
      "identity" : "challengebase",
      "kind" : "remoteSourceControl",
      "location" : "https://github.com/Kaitachi/ChallengeBase",
      "state" : {
        "revision" : "583011c1f1ef9a95bd3b0e9f979a503297669d78",
        "version" : "1.0.1"
      }
    }
  ],
  "version" : 2
}
