{
  "pins" : [
    {
      "identity" : "challengebase",
      "kind" : "remoteSourceControl",
      "location" : "https://github.com/Kaitachi/ChallengeBase",
      "state" : {
        "revision" : "e2724486a2c486726bc27a23d0d02251a91f997b",
        "version" : "1.0.11"
      }
    }
  ],
  "version" : 2
}
