// !$*UTF8*$!
{
	archiveVersion = 1;
	classes = {
	};
	objectVersion = 56;
	objects = {

/* Begin PBXBuildFile section */
		26172AD729313E9C008B13F4 /* Day04.swift in Sources */ = {isa = PBXBuildFile; fileRef = 26172AD629313E9C008B13F4 /* Day04.swift */; };
		26172ADB2931432C008B13F4 /* ChallengeBase in Frameworks */ = {isa = PBXBuildFile; productRef = 26172ADA2931432C008B13F4 /* ChallengeBase */; };
		26565C9129474ADC000DE5EA /* AOC2022_Day12.swift in Sources */ = {isa = PBXBuildFile; fileRef = 26565C9029474ADC000DE5EA /* AOC2022_Day12.swift */; };
		26565C9329474C61000DE5EA /* Array2D+Extensions.swift in Sources */ = {isa = PBXBuildFile; fileRef = 26565C9229474C61000DE5EA /* Array2D+Extensions.swift */; };
		26565C952947FB86000DE5EA /* Array+Extensions.swift in Sources */ = {isa = PBXBuildFile; fileRef = 26565C942947FB86000DE5EA /* Array+Extensions.swift */; };
		266464ED296CC57000B2AE18 /* Grid.swift in Sources */ = {isa = PBXBuildFile; fileRef = 266464EC296CC57000B2AE18 /* Grid.swift */; };
		266464EF296CC8B100B2AE18 /* Collection+Extensions.swift in Sources */ = {isa = PBXBuildFile; fileRef = 266464EE296CC8B100B2AE18 /* Collection+Extensions.swift */; };
		266464F1296CC8EE00B2AE18 /* Set+Extensions.swift in Sources */ = {isa = PBXBuildFile; fileRef = 266464F0296CC8EE00B2AE18 /* Set+Extensions.swift */; };
		266464F3296CC99100B2AE18 /* CardinalDirection.swift in Sources */ = {isa = PBXBuildFile; fileRef = 266464F2296CC99100B2AE18 /* CardinalDirection.swift */; };
		266464F5296CCCA800B2AE18 /* AOC2022_Day09.swift in Sources */ = {isa = PBXBuildFile; fileRef = 266464F4296CCCA800B2AE18 /* AOC2022_Day09.swift */; };
		268C656E2930244600E4E49F /* main.swift in Sources */ = {isa = PBXBuildFile; fileRef = 268C656D2930244600E4E49F /* main.swift */; };
		26AB5B7629302D28002D8A68 /* AdventOfCode2021.swift in Sources */ = {isa = PBXBuildFile; fileRef = 26AB5B7529302D28002D8A68 /* AdventOfCode2021.swift */; };
		26AB5B7829302E4C002D8A68 /* Day01.swift in Sources */ = {isa = PBXBuildFile; fileRef = 26AB5B7729302E4C002D8A68 /* Day01.swift */; };
		26CF2A392930451B00AE18C2 /* Day02.swift in Sources */ = {isa = PBXBuildFile; fileRef = 26CF2A382930451B00AE18C2 /* Day02.swift */; };
		26DED1C32930582200CC168B /* Day03.swift in Sources */ = {isa = PBXBuildFile; fileRef = 26DED1C22930582200CC168B /* Day03.swift */; };
		26DED1C72930EC1900CC168B /* String+Extensions.swift in Sources */ = {isa = PBXBuildFile; fileRef = 26DED1C62930EC1900CC168B /* String+Extensions.swift */; };
		26DED1C92930EC5D00CC168B /* Int+Extensions.swift in Sources */ = {isa = PBXBuildFile; fileRef = 26DED1C82930EC5D00CC168B /* Int+Extensions.swift */; };
		26DED1CD2930FC2600CC168B /* Bool+Extensions.swift in Sources */ = {isa = PBXBuildFile; fileRef = 26DED1CC2930FC2600CC168B /* Bool+Extensions.swift */; };
		26EB967B29317CF3004C3E0F /* Day05.swift in Sources */ = {isa = PBXBuildFile; fileRef = 26EB967A29317CF3004C3E0F /* Day05.swift */; };
		26EB9696293821ED004C3E0F /* AdventOfCode2022.swift in Sources */ = {isa = PBXBuildFile; fileRef = 26EB9695293821ED004C3E0F /* AdventOfCode2022.swift */; };
		26EB969A2938C6EC004C3E0F /* AOC2022_Day01.swift in Sources */ = {isa = PBXBuildFile; fileRef = 26EB96992938C6EC004C3E0F /* AOC2022_Day01.swift */; };
		26EB96A32939BEFD004C3E0F /* AOC2022_Day02.swift in Sources */ = {isa = PBXBuildFile; fileRef = 26EB96A22939BEFD004C3E0F /* AOC2022_Day02.swift */; };
		26EB96AA293B91EE004C3E0F /* AOC2022_Day03.swift in Sources */ = {isa = PBXBuildFile; fileRef = 26EB96A9293B91EE004C3E0F /* AOC2022_Day03.swift */; };
		26EB96B0293CBEA4004C3E0F /* AOC2022_Day04.swift in Sources */ = {isa = PBXBuildFile; fileRef = 26EB96AF293CBEA4004C3E0F /* AOC2022_Day04.swift */; };
		26EB96B6293E71BA004C3E0F /* AOC2022_Day05.swift in Sources */ = {isa = PBXBuildFile; fileRef = 26EB96B5293E71BA004C3E0F /* AOC2022_Day05.swift */; };
		26EB96B8293EC10E004C3E0F /* AOC2022_Day06.swift in Sources */ = {isa = PBXBuildFile; fileRef = 26EB96B7293EC10E004C3E0F /* AOC2022_Day06.swift */; };
		26EB96D629410C38004C3E0F /* AOC2022_Day07.swift in Sources */ = {isa = PBXBuildFile; fileRef = 26EB96D529410C38004C3E0F /* AOC2022_Day07.swift */; };
		26EB96D829410C97004C3E0F /* Tree.swift in Sources */ = {isa = PBXBuildFile; fileRef = 26EB96D729410C97004C3E0F /* Tree.swift */; };
		26EB96DE2941FDA7004C3E0F /* AOC2022_Day08.swift in Sources */ = {isa = PBXBuildFile; fileRef = 26EB96DD2941FDA7004C3E0F /* AOC2022_Day08.swift */; };
		26EB96E52944AD8F004C3E0F /* AOC2022_Day10.swift in Sources */ = {isa = PBXBuildFile; fileRef = 26EB96E42944AD8F004C3E0F /* AOC2022_Day10.swift */; };
		26EB96EE29466550004C3E0F /* AOC2022_Day11.swift in Sources */ = {isa = PBXBuildFile; fileRef = 26EB96ED29466550004C3E0F /* AOC2022_Day11.swift */; };
/* End PBXBuildFile section */

/* Begin PBXCopyFilesBuildPhase section */
		268C65682930244600E4E49F /* CopyFiles */ = {
			isa = PBXCopyFilesBuildPhase;
			buildActionMask = 2147483647;
			dstPath = /usr/share/man/man1/;
			dstSubfolderSpec = 0;
			files = (
			);
			runOnlyForDeploymentPostprocessing = 1;
		};
/* End PBXCopyFilesBuildPhase section */

/* Begin PBXFileReference section */
		260976D729474A61007D71E8 /* Day12.example.in */ = {isa = PBXFileReference; lastKnownFileType = text; path = Day12.example.in; sourceTree = "<group>"; };
		260976D829474A61007D71E8 /* Day12.in */ = {isa = PBXFileReference; lastKnownFileType = text; path = Day12.in; sourceTree = "<group>"; };
		260976D929474A61007D71E8 /* Day12.example.part02.out */ = {isa = PBXFileReference; lastKnownFileType = text; path = Day12.example.part02.out; sourceTree = "<group>"; };
		260976DA29474A61007D71E8 /* Day12.example.part01.out */ = {isa = PBXFileReference; lastKnownFileType = text; path = Day12.example.part01.out; sourceTree = "<group>"; };
		26172AD629313E9C008B13F4 /* Day04.swift */ = {isa = PBXFileReference; lastKnownFileType = sourcecode.swift; path = Day04.swift; sourceTree = "<group>"; };
		26172AD829313F08008B13F4 /* Day04.example.part02.out */ = {isa = PBXFileReference; lastKnownFileType = text; path = Day04.example.part02.out; sourceTree = "<group>"; };
		26304F0D29312B3C008EB3B5 /* Day04.example.in */ = {isa = PBXFileReference; lastKnownFileType = text; path = Day04.example.in; sourceTree = "<group>"; };
		26304F0E29312BC7008EB3B5 /* Day04.example.part01.out */ = {isa = PBXFileReference; lastKnownFileType = text; path = Day04.example.part01.out; sourceTree = "<group>"; };
		26304F0F29312BE3008EB3B5 /* Day04.in */ = {isa = PBXFileReference; lastKnownFileType = text; path = Day04.in; sourceTree = "<group>"; };
		26565C9029474ADC000DE5EA /* AOC2022_Day12.swift */ = {isa = PBXFileReference; lastKnownFileType = sourcecode.swift; path = AOC2022_Day12.swift; sourceTree = "<group>"; };
		26565C9229474C61000DE5EA /* Array2D+Extensions.swift */ = {isa = PBXFileReference; lastKnownFileType = sourcecode.swift; path = "Array2D+Extensions.swift"; sourceTree = "<group>"; };
		26565C942947FB86000DE5EA /* Array+Extensions.swift */ = {isa = PBXFileReference; lastKnownFileType = sourcecode.swift; path = "Array+Extensions.swift"; sourceTree = "<group>"; };
		266464E8296CC52400B2AE18 /* Day09.example.in */ = {isa = PBXFileReference; lastKnownFileType = text; path = Day09.example.in; sourceTree = "<group>"; };
		266464E9296CC52400B2AE18 /* Day09.in */ = {isa = PBXFileReference; lastKnownFileType = text; path = Day09.in; sourceTree = "<group>"; };
		266464EA296CC52400B2AE18 /* Day09.example.part02.out */ = {isa = PBXFileReference; lastKnownFileType = text; path = Day09.example.part02.out; sourceTree = "<group>"; };
		266464EB296CC52400B2AE18 /* Day09.example.part01.out */ = {isa = PBXFileReference; lastKnownFileType = text; path = Day09.example.part01.out; sourceTree = "<group>"; };
		266464EC296CC57000B2AE18 /* Grid.swift */ = {isa = PBXFileReference; lastKnownFileType = sourcecode.swift; path = Grid.swift; sourceTree = "<group>"; };
		266464EE296CC8B100B2AE18 /* Collection+Extensions.swift */ = {isa = PBXFileReference; lastKnownFileType = sourcecode.swift; path = "Collection+Extensions.swift"; sourceTree = "<group>"; };
		266464F0296CC8EE00B2AE18 /* Set+Extensions.swift */ = {isa = PBXFileReference; lastKnownFileType = sourcecode.swift; path = "Set+Extensions.swift"; sourceTree = "<group>"; };
		266464F2296CC99100B2AE18 /* CardinalDirection.swift */ = {isa = PBXFileReference; lastKnownFileType = sourcecode.swift; path = CardinalDirection.swift; sourceTree = "<group>"; };
		266464F4296CCCA800B2AE18 /* AOC2022_Day09.swift */ = {isa = PBXFileReference; lastKnownFileType = sourcecode.swift; path = AOC2022_Day09.swift; sourceTree = "<group>"; };
		2671CB8B293036860046938B /* Day01.example.part01.out */ = {isa = PBXFileReference; fileEncoding = 4; lastKnownFileType = text; path = Day01.example.part01.out; sourceTree = "<group>"; };
		2671CB8C293036860046938B /* Day01.example.in */ = {isa = PBXFileReference; fileEncoding = 4; lastKnownFileType = text; path = Day01.example.in; sourceTree = "<group>"; };
		2671CB8D293036860046938B /* Day01.in */ = {isa = PBXFileReference; fileEncoding = 4; lastKnownFileType = text; path = Day01.in; sourceTree = "<group>"; };
		2671CB8E293036860046938B /* Day01.example.part02.out */ = {isa = PBXFileReference; fileEncoding = 4; lastKnownFileType = text; path = Day01.example.part02.out; sourceTree = "<group>"; };
		268C656A2930244600E4E49F /* CodeChallenges */ = {isa = PBXFileReference; explicitFileType = "compiled.mach-o.executable"; includeInIndex = 0; path = CodeChallenges; sourceTree = BUILT_PRODUCTS_DIR; };
		268C656D2930244600E4E49F /* main.swift */ = {isa = PBXFileReference; lastKnownFileType = sourcecode.swift; path = main.swift; sourceTree = "<group>"; };
		26AB5B7529302D28002D8A68 /* AdventOfCode2021.swift */ = {isa = PBXFileReference; lastKnownFileType = sourcecode.swift; path = AdventOfCode2021.swift; sourceTree = "<group>"; };
		26AB5B7729302E4C002D8A68 /* Day01.swift */ = {isa = PBXFileReference; lastKnownFileType = sourcecode.swift; path = Day01.swift; sourceTree = "<group>"; };
		26CF2A382930451B00AE18C2 /* Day02.swift */ = {isa = PBXFileReference; lastKnownFileType = sourcecode.swift; path = Day02.swift; sourceTree = "<group>"; };
		26DED1BA293049D600CC168B /* Day02.example.in */ = {isa = PBXFileReference; lastKnownFileType = text; path = Day02.example.in; sourceTree = "<group>"; };
		26DED1BB29304CC300CC168B /* Day02.example.part01.out */ = {isa = PBXFileReference; lastKnownFileType = text; path = Day02.example.part01.out; sourceTree = "<group>"; };
		26DED1BC2930509C00CC168B /* Day02.in */ = {isa = PBXFileReference; lastKnownFileType = text; path = Day02.in; sourceTree = "<group>"; };
		26DED1BD293051A000CC168B /* Day02.example.part02.out */ = {isa = PBXFileReference; lastKnownFileType = text; path = Day02.example.part02.out; sourceTree = "<group>"; };
		26DED1BE2930579B00CC168B /* Day03.example.in */ = {isa = PBXFileReference; lastKnownFileType = text; path = Day03.example.in; sourceTree = "<group>"; };
		26DED1BF293057B200CC168B /* Day03.in */ = {isa = PBXFileReference; lastKnownFileType = text; path = Day03.in; sourceTree = "<group>"; };
		26DED1C0293057E100CC168B /* Day03.example.part01.out */ = {isa = PBXFileReference; lastKnownFileType = text; path = Day03.example.part01.out; sourceTree = "<group>"; };
		26DED1C1293057FC00CC168B /* Day03.example.part02.out */ = {isa = PBXFileReference; lastKnownFileType = text; path = Day03.example.part02.out; sourceTree = "<group>"; };
		26DED1C22930582200CC168B /* Day03.swift */ = {isa = PBXFileReference; lastKnownFileType = sourcecode.swift; path = Day03.swift; sourceTree = "<group>"; };
		26DED1C62930EC1900CC168B /* String+Extensions.swift */ = {isa = PBXFileReference; lastKnownFileType = sourcecode.swift; path = "String+Extensions.swift"; sourceTree = "<group>"; };
		26DED1C82930EC5D00CC168B /* Int+Extensions.swift */ = {isa = PBXFileReference; lastKnownFileType = sourcecode.swift; path = "Int+Extensions.swift"; sourceTree = "<group>"; };
		26DED1CC2930FC2600CC168B /* Bool+Extensions.swift */ = {isa = PBXFileReference; lastKnownFileType = sourcecode.swift; path = "Bool+Extensions.swift"; sourceTree = "<group>"; };
		26EB967629317C7F004C3E0F /* Day05.example.in */ = {isa = PBXFileReference; lastKnownFileType = text; path = Day05.example.in; sourceTree = "<group>"; };
		26EB967729317C94004C3E0F /* Day05.in */ = {isa = PBXFileReference; lastKnownFileType = text; path = Day05.in; sourceTree = "<group>"; };
		26EB967829317CB8004C3E0F /* Day05.example.part01.out */ = {isa = PBXFileReference; lastKnownFileType = text; path = Day05.example.part01.out; sourceTree = "<group>"; };
		26EB967929317CD4004C3E0F /* Day05.example.part02.out */ = {isa = PBXFileReference; lastKnownFileType = text; path = Day05.example.part02.out; sourceTree = "<group>"; };
		26EB967A29317CF3004C3E0F /* Day05.swift */ = {isa = PBXFileReference; lastKnownFileType = sourcecode.swift; path = Day05.swift; sourceTree = "<group>"; };
		26EB9695293821ED004C3E0F /* AdventOfCode2022.swift */ = {isa = PBXFileReference; lastKnownFileType = sourcecode.swift; path = AdventOfCode2022.swift; sourceTree = "<group>"; };
		26EB969729382231004C3E0F /* .gitkeep */ = {isa = PBXFileReference; lastKnownFileType = text; path = .gitkeep; sourceTree = "<group>"; };
		26EB96992938C6EC004C3E0F /* AOC2022_Day01.swift */ = {isa = PBXFileReference; lastKnownFileType = sourcecode.swift; path = AOC2022_Day01.swift; sourceTree = "<group>"; };
		26EB969B2938C7A7004C3E0F /* Day01.example.in */ = {isa = PBXFileReference; lastKnownFileType = text; path = Day01.example.in; sourceTree = "<group>"; };
		26EB969C2938C7B7004C3E0F /* Day01.example.part01.out */ = {isa = PBXFileReference; lastKnownFileType = text; path = Day01.example.part01.out; sourceTree = "<group>"; };
		26EB969D2938C7D3004C3E0F /* Day01.example.part02.out */ = {isa = PBXFileReference; lastKnownFileType = text; path = Day01.example.part02.out; sourceTree = "<group>"; };
		26EB969E2938C7DF004C3E0F /* Day01.in */ = {isa = PBXFileReference; lastKnownFileType = text; path = Day01.in; sourceTree = "<group>"; };
		26EB969F2939BE8B004C3E0F /* Day02.example.in */ = {isa = PBXFileReference; lastKnownFileType = text; path = Day02.example.in; sourceTree = "<group>"; };
		26EB96A02939BEA6004C3E0F /* Day02.in */ = {isa = PBXFileReference; lastKnownFileType = text; path = Day02.in; sourceTree = "<group>"; };
		26EB96A12939BEC2004C3E0F /* Day02.example.part01.out */ = {isa = PBXFileReference; lastKnownFileType = text; path = Day02.example.part01.out; sourceTree = "<group>"; };
		26EB96A22939BEFD004C3E0F /* AOC2022_Day02.swift */ = {isa = PBXFileReference; lastKnownFileType = sourcecode.swift; path = AOC2022_Day02.swift; sourceTree = "<group>"; };
		26EB96A42939C7E9004C3E0F /* Day02.example.part02.out */ = {isa = PBXFileReference; lastKnownFileType = text; path = Day02.example.part02.out; sourceTree = "<group>"; };
		26EB96A5293B9172004C3E0F /* Day03.example.in */ = {isa = PBXFileReference; lastKnownFileType = text; path = Day03.example.in; sourceTree = "<group>"; };
		26EB96A6293B918F004C3E0F /* Day03.in */ = {isa = PBXFileReference; lastKnownFileType = text; path = Day03.in; sourceTree = "<group>"; };
		26EB96A7293B91A6004C3E0F /* Day03.example.part01.out */ = {isa = PBXFileReference; lastKnownFileType = text; path = Day03.example.part01.out; sourceTree = "<group>"; };
		26EB96A8293B91D3004C3E0F /* Day03.example.part02.out */ = {isa = PBXFileReference; lastKnownFileType = text; path = Day03.example.part02.out; sourceTree = "<group>"; };
		26EB96A9293B91EE004C3E0F /* AOC2022_Day03.swift */ = {isa = PBXFileReference; lastKnownFileType = sourcecode.swift; path = AOC2022_Day03.swift; sourceTree = "<group>"; };
		26EB96AB293CBE26004C3E0F /* Day04.example.in */ = {isa = PBXFileReference; lastKnownFileType = text; path = Day04.example.in; sourceTree = "<group>"; };
		26EB96AC293CBE3D004C3E0F /* Day04.in */ = {isa = PBXFileReference; lastKnownFileType = text; path = Day04.in; sourceTree = "<group>"; };
		26EB96AD293CBE65004C3E0F /* Day04.example.part01.out */ = {isa = PBXFileReference; lastKnownFileType = text; path = Day04.example.part01.out; sourceTree = "<group>"; };
		26EB96AE293CBE7C004C3E0F /* Day04.example.part02.out */ = {isa = PBXFileReference; lastKnownFileType = text; path = Day04.example.part02.out; sourceTree = "<group>"; };
		26EB96AF293CBEA4004C3E0F /* AOC2022_Day04.swift */ = {isa = PBXFileReference; lastKnownFileType = sourcecode.swift; path = AOC2022_Day04.swift; sourceTree = "<group>"; };
		26EB96B1293E7062004C3E0F /* Day05.example.in */ = {isa = PBXFileReference; lastKnownFileType = text; path = Day05.example.in; sourceTree = "<group>"; };
		26EB96B2293E707C004C3E0F /* Day05.example.part01.out */ = {isa = PBXFileReference; lastKnownFileType = text; path = Day05.example.part01.out; sourceTree = "<group>"; };
		26EB96B3293E708D004C3E0F /* Day05.example.part02.out */ = {isa = PBXFileReference; lastKnownFileType = text; path = Day05.example.part02.out; sourceTree = "<group>"; };
		26EB96B4293E70AB004C3E0F /* Day05.in */ = {isa = PBXFileReference; lastKnownFileType = text; path = Day05.in; sourceTree = "<group>"; };
		26EB96B5293E71BA004C3E0F /* AOC2022_Day05.swift */ = {isa = PBXFileReference; lastKnownFileType = sourcecode.swift; path = AOC2022_Day05.swift; sourceTree = "<group>"; };
		26EB96B7293EC10E004C3E0F /* AOC2022_Day06.swift */ = {isa = PBXFileReference; lastKnownFileType = sourcecode.swift; path = AOC2022_Day06.swift; sourceTree = "<group>"; };
		26EB96CD293F6397004C3E0F /* Day06.example.in */ = {isa = PBXFileReference; lastKnownFileType = text; path = Day06.example.in; sourceTree = "<group>"; };
		26EB96CE293F6397004C3E0F /* Day06.in */ = {isa = PBXFileReference; lastKnownFileType = text; path = Day06.in; sourceTree = "<group>"; };
		26EB96CF293F6397004C3E0F /* Day06.example.part02.out */ = {isa = PBXFileReference; lastKnownFileType = text; path = Day06.example.part02.out; sourceTree = "<group>"; };
		26EB96D0293F6397004C3E0F /* Day06.example.part01.out */ = {isa = PBXFileReference; lastKnownFileType = text; path = Day06.example.part01.out; sourceTree = "<group>"; };
		26EB96D129410BCC004C3E0F /* Day07.example.in */ = {isa = PBXFileReference; lastKnownFileType = text; path = Day07.example.in; sourceTree = "<group>"; };
		26EB96D229410BCC004C3E0F /* Day07.in */ = {isa = PBXFileReference; lastKnownFileType = text; path = Day07.in; sourceTree = "<group>"; };
		26EB96D329410BCC004C3E0F /* Day07.example.part02.out */ = {isa = PBXFileReference; lastKnownFileType = text; path = Day07.example.part02.out; sourceTree = "<group>"; };
		26EB96D429410BCC004C3E0F /* Day07.example.part01.out */ = {isa = PBXFileReference; lastKnownFileType = text; path = Day07.example.part01.out; sourceTree = "<group>"; };
		26EB96D529410C38004C3E0F /* AOC2022_Day07.swift */ = {isa = PBXFileReference; lastKnownFileType = sourcecode.swift; path = AOC2022_Day07.swift; sourceTree = "<group>"; };
		26EB96D729410C97004C3E0F /* Tree.swift */ = {isa = PBXFileReference; lastKnownFileType = sourcecode.swift; path = Tree.swift; sourceTree = "<group>"; };
		26EB96D92941FD74004C3E0F /* Day08.example.in */ = {isa = PBXFileReference; lastKnownFileType = text; path = Day08.example.in; sourceTree = "<group>"; };
		26EB96DA2941FD74004C3E0F /* Day08.in */ = {isa = PBXFileReference; lastKnownFileType = text; path = Day08.in; sourceTree = "<group>"; };
		26EB96DB2941FD74004C3E0F /* Day08.example.part02.out */ = {isa = PBXFileReference; lastKnownFileType = text; path = Day08.example.part02.out; sourceTree = "<group>"; };
		26EB96DC2941FD74004C3E0F /* Day08.example.part01.out */ = {isa = PBXFileReference; lastKnownFileType = text; path = Day08.example.part01.out; sourceTree = "<group>"; };
		26EB96DD2941FDA7004C3E0F /* AOC2022_Day08.swift */ = {isa = PBXFileReference; lastKnownFileType = sourcecode.swift; path = AOC2022_Day08.swift; sourceTree = "<group>"; };
		26EB96DF2944AD23004C3E0F /* Day10.example.in */ = {isa = PBXFileReference; lastKnownFileType = text; path = Day10.example.in; sourceTree = "<group>"; };
		26EB96E02944AD23004C3E0F /* Day10.in */ = {isa = PBXFileReference; lastKnownFileType = text; path = Day10.in; sourceTree = "<group>"; };
		26EB96E12944AD23004C3E0F /* Day10.example.part02.out */ = {isa = PBXFileReference; lastKnownFileType = text; path = Day10.example.part02.out; sourceTree = "<group>"; };
		26EB96E22944AD23004C3E0F /* Day10.example.part01.out */ = {isa = PBXFileReference; lastKnownFileType = text; path = Day10.example.part01.out; sourceTree = "<group>"; };
		26EB96E32944AD70004C3E0F /* Day10.mini.in */ = {isa = PBXFileReference; lastKnownFileType = text; path = Day10.mini.in; sourceTree = "<group>"; };
		26EB96E42944AD8F004C3E0F /* AOC2022_Day10.swift */ = {isa = PBXFileReference; lastKnownFileType = sourcecode.swift; path = AOC2022_Day10.swift; sourceTree = "<group>"; };
		26EB96E62944AE0D004C3E0F /* Day10.mini.part01.out */ = {isa = PBXFileReference; lastKnownFileType = text; path = Day10.mini.part01.out; sourceTree = "<group>"; };
		26EB96E82944BFB9004C3E0F /* ChallengeBase */ = {isa = PBXFileReference; lastKnownFileType = wrapper; name = ChallengeBase; path = ../ChallengeBase; sourceTree = "<group>"; };
		26EB96E92946646B004C3E0F /* Day11.example.in */ = {isa = PBXFileReference; lastKnownFileType = text; path = Day11.example.in; sourceTree = "<group>"; };
		26EB96EA2946646B004C3E0F /* Day11.in */ = {isa = PBXFileReference; lastKnownFileType = text; path = Day11.in; sourceTree = "<group>"; };
		26EB96EB2946646B004C3E0F /* Day11.example.part02.out */ = {isa = PBXFileReference; lastKnownFileType = text; path = Day11.example.part02.out; sourceTree = "<group>"; };
		26EB96EC2946646B004C3E0F /* Day11.example.part01.out */ = {isa = PBXFileReference; lastKnownFileType = text; path = Day11.example.part01.out; sourceTree = "<group>"; };
		26EB96ED29466550004C3E0F /* AOC2022_Day11.swift */ = {isa = PBXFileReference; lastKnownFileType = sourcecode.swift; path = AOC2022_Day11.swift; sourceTree = "<group>"; };
/* End PBXFileReference section */

/* Begin PBXFrameworksBuildPhase section */
		268C65672930244600E4E49F /* Frameworks */ = {
			isa = PBXFrameworksBuildPhase;
			buildActionMask = 2147483647;
			files = (
				26172ADB2931432C008B13F4 /* ChallengeBase in Frameworks */,
			);
			runOnlyForDeploymentPostprocessing = 0;
		};
/* End PBXFrameworksBuildPhase section */

/* Begin PBXGroup section */
		268C65612930244600E4E49F = {
			isa = PBXGroup;
			children = (
				26EB96E72944BFB9004C3E0F /* Packages */,
				268C656C2930244600E4E49F /* CodeChallenges */,
				268C656B2930244600E4E49F /* Products */,
			);
			sourceTree = "<group>";
		};
		268C656B2930244600E4E49F /* Products */ = {
			isa = PBXGroup;
			children = (
				268C656A2930244600E4E49F /* CodeChallenges */,
			);
			name = Products;
			sourceTree = "<group>";
		};
		268C656C2930244600E4E49F /* CodeChallenges */ = {
			isa = PBXGroup;
			children = (
				268C65752930266900E4E49F /* Challenges */,
				26DED1C52930EC0100CC168B /* Utilities */,
				268C65742930247800E4E49F /* Resources */,
				268C656D2930244600E4E49F /* main.swift */,
			);
			path = CodeChallenges;
			sourceTree = "<group>";
		};
		268C65742930247800E4E49F /* Resources */ = {
			isa = PBXGroup;
			children = (
				26EB9693293821C1004C3E0F /* AdventOfCode2022 */,
				26AB5B7029302CBE002D8A68 /* AdventOfCode2021 */,
			);
			path = Resources;
			sourceTree = "<group>";
		};
		268C65752930266900E4E49F /* Challenges */ = {
			isa = PBXGroup;
			children = (
				26EB9694293821C9004C3E0F /* AdventOfCode2022 */,
				26AB5B6F29302CB4002D8A68 /* AdventOfCode2021 */,
			);
			path = Challenges;
			sourceTree = "<group>";
		};
		26AB5B6F29302CB4002D8A68 /* AdventOfCode2021 */ = {
			isa = PBXGroup;
			children = (
				26AB5B7529302D28002D8A68 /* AdventOfCode2021.swift */,
				26AB5B7729302E4C002D8A68 /* Day01.swift */,
				26CF2A382930451B00AE18C2 /* Day02.swift */,
				26DED1C22930582200CC168B /* Day03.swift */,
				26172AD629313E9C008B13F4 /* Day04.swift */,
				26EB967A29317CF3004C3E0F /* Day05.swift */,
			);
			path = AdventOfCode2021;
			sourceTree = "<group>";
		};
		26AB5B7029302CBE002D8A68 /* AdventOfCode2021 */ = {
			isa = PBXGroup;
			children = (
				2671CB8C293036860046938B /* Day01.example.in */,
				2671CB8B293036860046938B /* Day01.example.part01.out */,
				2671CB8E293036860046938B /* Day01.example.part02.out */,
				2671CB8D293036860046938B /* Day01.in */,
				26DED1BA293049D600CC168B /* Day02.example.in */,
				26DED1BB29304CC300CC168B /* Day02.example.part01.out */,
				26DED1BC2930509C00CC168B /* Day02.in */,
				26DED1BD293051A000CC168B /* Day02.example.part02.out */,
				26DED1BE2930579B00CC168B /* Day03.example.in */,
				26DED1BF293057B200CC168B /* Day03.in */,
				26DED1C0293057E100CC168B /* Day03.example.part01.out */,
				26DED1C1293057FC00CC168B /* Day03.example.part02.out */,
				26304F0D29312B3C008EB3B5 /* Day04.example.in */,
				26304F0E29312BC7008EB3B5 /* Day04.example.part01.out */,
				26304F0F29312BE3008EB3B5 /* Day04.in */,
				26172AD829313F08008B13F4 /* Day04.example.part02.out */,
				26EB967629317C7F004C3E0F /* Day05.example.in */,
				26EB967729317C94004C3E0F /* Day05.in */,
				26EB967829317CB8004C3E0F /* Day05.example.part01.out */,
				26EB967929317CD4004C3E0F /* Day05.example.part02.out */,
			);
			path = AdventOfCode2021;
			sourceTree = "<group>";
		};
		26DED1C52930EC0100CC168B /* Utilities */ = {
			isa = PBXGroup;
			children = (
				26DED1C62930EC1900CC168B /* String+Extensions.swift */,
				26DED1C82930EC5D00CC168B /* Int+Extensions.swift */,
				26DED1CC2930FC2600CC168B /* Bool+Extensions.swift */,
				26EB96D729410C97004C3E0F /* Tree.swift */,
				26565C9229474C61000DE5EA /* Array2D+Extensions.swift */,
				26565C942947FB86000DE5EA /* Array+Extensions.swift */,
				266464EC296CC57000B2AE18 /* Grid.swift */,
				266464EE296CC8B100B2AE18 /* Collection+Extensions.swift */,
				266464F0296CC8EE00B2AE18 /* Set+Extensions.swift */,
				266464F2296CC99100B2AE18 /* CardinalDirection.swift */,
			);
			path = Utilities;
			sourceTree = "<group>";
		};
		26EB9693293821C1004C3E0F /* AdventOfCode2022 */ = {
			isa = PBXGroup;
			children = (
				26EB969729382231004C3E0F /* .gitkeep */,
				26EB969B2938C7A7004C3E0F /* Day01.example.in */,
				26EB969C2938C7B7004C3E0F /* Day01.example.part01.out */,
				26EB969D2938C7D3004C3E0F /* Day01.example.part02.out */,
				26EB969E2938C7DF004C3E0F /* Day01.in */,
				26EB969F2939BE8B004C3E0F /* Day02.example.in */,
				26EB96A02939BEA6004C3E0F /* Day02.in */,
				26EB96A12939BEC2004C3E0F /* Day02.example.part01.out */,
				26EB96A42939C7E9004C3E0F /* Day02.example.part02.out */,
				26EB96A5293B9172004C3E0F /* Day03.example.in */,
				26EB96A6293B918F004C3E0F /* Day03.in */,
				26EB96A7293B91A6004C3E0F /* Day03.example.part01.out */,
				26EB96A8293B91D3004C3E0F /* Day03.example.part02.out */,
				26EB96AB293CBE26004C3E0F /* Day04.example.in */,
				26EB96AC293CBE3D004C3E0F /* Day04.in */,
				26EB96AD293CBE65004C3E0F /* Day04.example.part01.out */,
				26EB96AE293CBE7C004C3E0F /* Day04.example.part02.out */,
				26EB96B1293E7062004C3E0F /* Day05.example.in */,
				26EB96B2293E707C004C3E0F /* Day05.example.part01.out */,
				26EB96B3293E708D004C3E0F /* Day05.example.part02.out */,
				26EB96B4293E70AB004C3E0F /* Day05.in */,
				26EB96CD293F6397004C3E0F /* Day06.example.in */,
				26EB96CE293F6397004C3E0F /* Day06.in */,
				26EB96CF293F6397004C3E0F /* Day06.example.part02.out */,
				26EB96D0293F6397004C3E0F /* Day06.example.part01.out */,
				26EB96D129410BCC004C3E0F /* Day07.example.in */,
				26EB96D229410BCC004C3E0F /* Day07.in */,
				26EB96D329410BCC004C3E0F /* Day07.example.part02.out */,
				26EB96D429410BCC004C3E0F /* Day07.example.part01.out */,
				26EB96D92941FD74004C3E0F /* Day08.example.in */,
				26EB96DA2941FD74004C3E0F /* Day08.in */,
				26EB96DB2941FD74004C3E0F /* Day08.example.part02.out */,
				26EB96DC2941FD74004C3E0F /* Day08.example.part01.out */,
				266464E8296CC52400B2AE18 /* Day09.example.in */,
				266464E9296CC52400B2AE18 /* Day09.in */,
				266464EA296CC52400B2AE18 /* Day09.example.part02.out */,
				266464EB296CC52400B2AE18 /* Day09.example.part01.out */,
				26EB96DF2944AD23004C3E0F /* Day10.example.in */,
				26EB96E32944AD70004C3E0F /* Day10.mini.in */,
				26EB96E02944AD23004C3E0F /* Day10.in */,
				26EB96E12944AD23004C3E0F /* Day10.example.part02.out */,
				26EB96E22944AD23004C3E0F /* Day10.example.part01.out */,
				26EB96E62944AE0D004C3E0F /* Day10.mini.part01.out */,
				26EB96E92946646B004C3E0F /* Day11.example.in */,
				26EB96EA2946646B004C3E0F /* Day11.in */,
				26EB96EB2946646B004C3E0F /* Day11.example.part02.out */,
				26EB96EC2946646B004C3E0F /* Day11.example.part01.out */,
				260976D729474A61007D71E8 /* Day12.example.in */,
				260976D829474A61007D71E8 /* Day12.in */,
				260976D929474A61007D71E8 /* Day12.example.part02.out */,
				260976DA29474A61007D71E8 /* Day12.example.part01.out */,
			);
			path = AdventOfCode2022;
			sourceTree = "<group>";
		};
		26EB9694293821C9004C3E0F /* AdventOfCode2022 */ = {
			isa = PBXGroup;
			children = (
				26EB9695293821ED004C3E0F /* AdventOfCode2022.swift */,
				26EB96992938C6EC004C3E0F /* AOC2022_Day01.swift */,
				26EB96A22939BEFD004C3E0F /* AOC2022_Day02.swift */,
				26EB96A9293B91EE004C3E0F /* AOC2022_Day03.swift */,
				26EB96AF293CBEA4004C3E0F /* AOC2022_Day04.swift */,
				26EB96B5293E71BA004C3E0F /* AOC2022_Day05.swift */,
				26EB96B7293EC10E004C3E0F /* AOC2022_Day06.swift */,
				26EB96D529410C38004C3E0F /* AOC2022_Day07.swift */,
				26EB96DD2941FDA7004C3E0F /* AOC2022_Day08.swift */,
				266464F4296CCCA800B2AE18 /* AOC2022_Day09.swift */,
				26EB96E42944AD8F004C3E0F /* AOC2022_Day10.swift */,
				26EB96ED29466550004C3E0F /* AOC2022_Day11.swift */,
				26565C9029474ADC000DE5EA /* AOC2022_Day12.swift */,
			);
			path = AdventOfCode2022;
			sourceTree = "<group>";
		};
		26EB96E72944BFB9004C3E0F /* Packages */ = {
			isa = PBXGroup;
			children = (
				26EB96E82944BFB9004C3E0F /* ChallengeBase */,
			);
			name = Packages;
			sourceTree = "<group>";
		};
/* End PBXGroup section */

/* Begin PBXNativeTarget section */
		268C65692930244600E4E49F /* CodeChallenges */ = {
			isa = PBXNativeTarget;
			buildConfigurationList = 268C65712930244600E4E49F /* Build configuration list for PBXNativeTarget "CodeChallenges" */;
			buildPhases = (
				268C65662930244600E4E49F /* Sources */,
				268C65672930244600E4E49F /* Frameworks */,
				268C65682930244600E4E49F /* CopyFiles */,
			);
			buildRules = (
			);
			dependencies = (
			);
			name = CodeChallenges;
			packageProductDependencies = (
				26172ADA2931432C008B13F4 /* ChallengeBase */,
			);
			productName = CodeChallenges;
			productReference = 268C656A2930244600E4E49F /* CodeChallenges */;
			productType = "com.apple.product-type.tool";
		};
/* End PBXNativeTarget section */

/* Begin PBXProject section */
		268C65622930244600E4E49F /* Project object */ = {
			isa = PBXProject;
			attributes = {
				BuildIndependentTargetsInParallel = 1;
				LastSwiftUpdateCheck = 1410;
				LastUpgradeCheck = 1410;
				TargetAttributes = {
					268C65692930244600E4E49F = {
						CreatedOnToolsVersion = 14.1;
					};
				};
			};
			buildConfigurationList = 268C65652930244600E4E49F /* Build configuration list for PBXProject "CodeChallenges" */;
			compatibilityVersion = "Xcode 14.0";
			developmentRegion = en;
			hasScannedForEncodings = 0;
			knownRegions = (
				en,
				Base,
			);
			mainGroup = 268C65612930244600E4E49F;
			packageReferences = (
				26172AD92931432C008B13F4 /* XCRemoteSwiftPackageReference "ChallengeBase" */,
			);
			productRefGroup = 268C656B2930244600E4E49F /* Products */;
			projectDirPath = "";
			projectRoot = "";
			targets = (
				268C65692930244600E4E49F /* CodeChallenges */,
			);
		};
/* End PBXProject section */

/* Begin PBXSourcesBuildPhase section */
		268C65662930244600E4E49F /* Sources */ = {
			isa = PBXSourcesBuildPhase;
			buildActionMask = 2147483647;
			files = (
				26AB5B7629302D28002D8A68 /* AdventOfCode2021.swift in Sources */,
				268C656E2930244600E4E49F /* main.swift in Sources */,
				26CF2A392930451B00AE18C2 /* Day02.swift in Sources */,
				26565C9329474C61000DE5EA /* Array2D+Extensions.swift in Sources */,
				26EB96B0293CBEA4004C3E0F /* AOC2022_Day04.swift in Sources */,
				26EB96DE2941FDA7004C3E0F /* AOC2022_Day08.swift in Sources */,
				266464F3296CC99100B2AE18 /* CardinalDirection.swift in Sources */,
				266464F5296CCCA800B2AE18 /* AOC2022_Day09.swift in Sources */,
				26565C952947FB86000DE5EA /* Array+Extensions.swift in Sources */,
				266464ED296CC57000B2AE18 /* Grid.swift in Sources */,
				26DED1C32930582200CC168B /* Day03.swift in Sources */,
				26EB96D629410C38004C3E0F /* AOC2022_Day07.swift in Sources */,
				26DED1C92930EC5D00CC168B /* Int+Extensions.swift in Sources */,
				26EB96D829410C97004C3E0F /* Tree.swift in Sources */,
				26EB969A2938C6EC004C3E0F /* AOC2022_Day01.swift in Sources */,
				26EB96B8293EC10E004C3E0F /* AOC2022_Day06.swift in Sources */,
				26EB967B29317CF3004C3E0F /* Day05.swift in Sources */,
				26EB9696293821ED004C3E0F /* AdventOfCode2022.swift in Sources */,
				26EB96B6293E71BA004C3E0F /* AOC2022_Day05.swift in Sources */,
				266464EF296CC8B100B2AE18 /* Collection+Extensions.swift in Sources */,
				26DED1C72930EC1900CC168B /* String+Extensions.swift in Sources */,
				26EB96E52944AD8F004C3E0F /* AOC2022_Day10.swift in Sources */,
				26EB96EE29466550004C3E0F /* AOC2022_Day11.swift in Sources */,
				26AB5B7829302E4C002D8A68 /* Day01.swift in Sources */,
				26DED1CD2930FC2600CC168B /* Bool+Extensions.swift in Sources */,
				26565C9129474ADC000DE5EA /* AOC2022_Day12.swift in Sources */,
				26EB96A32939BEFD004C3E0F /* AOC2022_Day02.swift in Sources */,
				26172AD729313E9C008B13F4 /* Day04.swift in Sources */,
				266464F1296CC8EE00B2AE18 /* Set+Extensions.swift in Sources */,
				26EB96AA293B91EE004C3E0F /* AOC2022_Day03.swift in Sources */,
			);
			runOnlyForDeploymentPostprocessing = 0;
		};
/* End PBXSourcesBuildPhase section */

/* Begin XCBuildConfiguration section */
		268C656F2930244600E4E49F /* Debug */ = {
			isa = XCBuildConfiguration;
			buildSettings = {
				ALWAYS_SEARCH_USER_PATHS = NO;
				CLANG_ANALYZER_NONNULL = YES;
				CLANG_ANALYZER_NUMBER_OBJECT_CONVERSION = YES_AGGRESSIVE;
				CLANG_CXX_LANGUAGE_STANDARD = "gnu++20";
				CLANG_ENABLE_MODULES = YES;
				CLANG_ENABLE_OBJC_ARC = YES;
				CLANG_ENABLE_OBJC_WEAK = YES;
				CLANG_WARN_BLOCK_CAPTURE_AUTORELEASING = YES;
				CLANG_WARN_BOOL_CONVERSION = YES;
				CLANG_WARN_COMMA = YES;
				CLANG_WARN_CONSTANT_CONVERSION = YES;
				CLANG_WARN_DEPRECATED_OBJC_IMPLEMENTATIONS = YES;
				CLANG_WARN_DIRECT_OBJC_ISA_USAGE = YES_ERROR;
				CLANG_WARN_DOCUMENTATION_COMMENTS = YES;
				CLANG_WARN_EMPTY_BODY = YES;
				CLANG_WARN_ENUM_CONVERSION = YES;
				CLANG_WARN_INFINITE_RECURSION = YES;
				CLANG_WARN_INT_CONVERSION = YES;
				CLANG_WARN_NON_LITERAL_NULL_CONVERSION = YES;
				CLANG_WARN_OBJC_IMPLICIT_RETAIN_SELF = YES;
				CLANG_WARN_OBJC_LITERAL_CONVERSION = YES;
				CLANG_WARN_OBJC_ROOT_CLASS = YES_ERROR;
				CLANG_WARN_QUOTED_INCLUDE_IN_FRAMEWORK_HEADER = YES;
				CLANG_WARN_RANGE_LOOP_ANALYSIS = YES;
				CLANG_WARN_STRICT_PROTOTYPES = YES;
				CLANG_WARN_SUSPICIOUS_MOVE = YES;
				CLANG_WARN_UNGUARDED_AVAILABILITY = YES_AGGRESSIVE;
				CLANG_WARN_UNREACHABLE_CODE = YES;
				CLANG_WARN__DUPLICATE_METHOD_MATCH = YES;
				COPY_PHASE_STRIP = NO;
				DEBUG_INFORMATION_FORMAT = dwarf;
				ENABLE_STRICT_OBJC_MSGSEND = YES;
				ENABLE_TESTABILITY = YES;
				GCC_C_LANGUAGE_STANDARD = gnu11;
				GCC_DYNAMIC_NO_PIC = NO;
				GCC_NO_COMMON_BLOCKS = YES;
				GCC_OPTIMIZATION_LEVEL = 0;
				GCC_PREPROCESSOR_DEFINITIONS = (
					"DEBUG=1",
					"$(inherited)",
				);
				GCC_WARN_64_TO_32_BIT_CONVERSION = YES;
				GCC_WARN_ABOUT_RETURN_TYPE = YES_ERROR;
				GCC_WARN_UNDECLARED_SELECTOR = YES;
				GCC_WARN_UNINITIALIZED_AUTOS = YES_AGGRESSIVE;
				GCC_WARN_UNUSED_FUNCTION = YES;
				GCC_WARN_UNUSED_VARIABLE = YES;
				MACOSX_DEPLOYMENT_TARGET = 13.0;
				MTL_ENABLE_DEBUG_INFO = INCLUDE_SOURCE;
				MTL_FAST_MATH = YES;
				ONLY_ACTIVE_ARCH = YES;
				SDKROOT = macosx;
				SWIFT_ACTIVE_COMPILATION_CONDITIONS = DEBUG;
				SWIFT_OPTIMIZATION_LEVEL = "-Onone";
			};
			name = Debug;
		};
		268C65702930244600E4E49F /* Release */ = {
			isa = XCBuildConfiguration;
			buildSettings = {
				ALWAYS_SEARCH_USER_PATHS = NO;
				CLANG_ANALYZER_NONNULL = YES;
				CLANG_ANALYZER_NUMBER_OBJECT_CONVERSION = YES_AGGRESSIVE;
				CLANG_CXX_LANGUAGE_STANDARD = "gnu++20";
				CLANG_ENABLE_MODULES = YES;
				CLANG_ENABLE_OBJC_ARC = YES;
				CLANG_ENABLE_OBJC_WEAK = YES;
				CLANG_WARN_BLOCK_CAPTURE_AUTORELEASING = YES;
				CLANG_WARN_BOOL_CONVERSION = YES;
				CLANG_WARN_COMMA = YES;
				CLANG_WARN_CONSTANT_CONVERSION = YES;
				CLANG_WARN_DEPRECATED_OBJC_IMPLEMENTATIONS = YES;
				CLANG_WARN_DIRECT_OBJC_ISA_USAGE = YES_ERROR;
				CLANG_WARN_DOCUMENTATION_COMMENTS = YES;
				CLANG_WARN_EMPTY_BODY = YES;
				CLANG_WARN_ENUM_CONVERSION = YES;
				CLANG_WARN_INFINITE_RECURSION = YES;
				CLANG_WARN_INT_CONVERSION = YES;
				CLANG_WARN_NON_LITERAL_NULL_CONVERSION = YES;
				CLANG_WARN_OBJC_IMPLICIT_RETAIN_SELF = YES;
				CLANG_WARN_OBJC_LITERAL_CONVERSION = YES;
				CLANG_WARN_OBJC_ROOT_CLASS = YES_ERROR;
				CLANG_WARN_QUOTED_INCLUDE_IN_FRAMEWORK_HEADER = YES;
				CLANG_WARN_RANGE_LOOP_ANALYSIS = YES;
				CLANG_WARN_STRICT_PROTOTYPES = YES;
				CLANG_WARN_SUSPICIOUS_MOVE = YES;
				CLANG_WARN_UNGUARDED_AVAILABILITY = YES_AGGRESSIVE;
				CLANG_WARN_UNREACHABLE_CODE = YES;
				CLANG_WARN__DUPLICATE_METHOD_MATCH = YES;
				COPY_PHASE_STRIP = NO;
				DEBUG_INFORMATION_FORMAT = "dwarf-with-dsym";
				ENABLE_NS_ASSERTIONS = NO;
				ENABLE_STRICT_OBJC_MSGSEND = YES;
				GCC_C_LANGUAGE_STANDARD = gnu11;
				GCC_NO_COMMON_BLOCKS = YES;
				GCC_WARN_64_TO_32_BIT_CONVERSION = YES;
				GCC_WARN_ABOUT_RETURN_TYPE = YES_ERROR;
				GCC_WARN_UNDECLARED_SELECTOR = YES;
				GCC_WARN_UNINITIALIZED_AUTOS = YES_AGGRESSIVE;
				GCC_WARN_UNUSED_FUNCTION = YES;
				GCC_WARN_UNUSED_VARIABLE = YES;
				MACOSX_DEPLOYMENT_TARGET = 13.0;
				MTL_ENABLE_DEBUG_INFO = NO;
				MTL_FAST_MATH = YES;
				SDKROOT = macosx;
				SWIFT_COMPILATION_MODE = wholemodule;
				SWIFT_OPTIMIZATION_LEVEL = "-O";
			};
			name = Release;
		};
		268C65722930244600E4E49F /* Debug */ = {
			isa = XCBuildConfiguration;
			buildSettings = {
				CODE_SIGN_STYLE = Automatic;
				PRODUCT_NAME = "$(TARGET_NAME)";
				SWIFT_VERSION = 5.0;
			};
			name = Debug;
		};
		268C65732930244600E4E49F /* Release */ = {
			isa = XCBuildConfiguration;
			buildSettings = {
				CODE_SIGN_STYLE = Automatic;
				PRODUCT_NAME = "$(TARGET_NAME)";
				SWIFT_VERSION = 5.0;
			};
			name = Release;
		};
/* End XCBuildConfiguration section */

/* Begin XCConfigurationList section */
		268C65652930244600E4E49F /* Build configuration list for PBXProject "CodeChallenges" */ = {
			isa = XCConfigurationList;
			buildConfigurations = (
				268C656F2930244600E4E49F /* Debug */,
				268C65702930244600E4E49F /* Release */,
			);
			defaultConfigurationIsVisible = 0;
			defaultConfigurationName = Release;
		};
		268C65712930244600E4E49F /* Build configuration list for PBXNativeTarget "CodeChallenges" */ = {
			isa = XCConfigurationList;
			buildConfigurations = (
				268C65722930244600E4E49F /* Debug */,
				268C65732930244600E4E49F /* Release */,
			);
			defaultConfigurationIsVisible = 0;
			defaultConfigurationName = Release;
		};
/* End XCConfigurationList section */

/* Begin XCRemoteSwiftPackageReference section */
		26172AD92931432C008B13F4 /* XCRemoteSwiftPackageReference "ChallengeBase" */ = {
			isa = XCRemoteSwiftPackageReference;
			repositoryURL = "https://github.com/Kaitachi/ChallengeBase";
			requirement = {
				kind = upToNextMajorVersion;
				minimumVersion = 0.1.0;
			};
		};
/* End XCRemoteSwiftPackageReference section */

/* Begin XCSwiftPackageProductDependency section */
		26172ADA2931432C008B13F4 /* ChallengeBase */ = {
			isa = XCSwiftPackageProductDependency;
			package = 26172AD92931432C008B13F4 /* XCRemoteSwiftPackageReference "ChallengeBase" */;
			productName = ChallengeBase;
		};
/* End XCSwiftPackageProductDependency section */
	};
	rootObject = 268C65622930244600E4E49F /* Project object */;
}
