// !$*UTF8*$!
{
	archiveVersion = 1;
	classes = {
	};
	objectVersion = 56;
	objects = {

/* Begin PBXBuildFile section */
		268C656E2930244600E4E49F /* main.swift in Sources */ = {isa = PBXBuildFile; fileRef = 268C656D2930244600E4E49F /* main.swift */; };
		26AB5B6E29302AC1002D8A68 /* ChallengeBase in Frameworks */ = {isa = PBXBuildFile; productRef = 26AB5B6D29302AC1002D8A68 /* ChallengeBase */; };
		26AB5B7629302D28002D8A68 /* AdventOfCode2021.swift in Sources */ = {isa = PBXBuildFile; fileRef = 26AB5B7529302D28002D8A68 /* AdventOfCode2021.swift */; };
		26AB5B7829302E4C002D8A68 /* Day01.swift in Sources */ = {isa = PBXBuildFile; fileRef = 26AB5B7729302E4C002D8A68 /* Day01.swift */; };
		26CF2A392930451B00AE18C2 /* Day02.swift in Sources */ = {isa = PBXBuildFile; fileRef = 26CF2A382930451B00AE18C2 /* Day02.swift */; };
		26DED1C32930582200CC168B /* Day03.swift in Sources */ = {isa = PBXBuildFile; fileRef = 26DED1C22930582200CC168B /* Day03.swift */; };
		26DED1C72930EC1900CC168B /* String+Extensions.swift in Sources */ = {isa = PBXBuildFile; fileRef = 26DED1C62930EC1900CC168B /* String+Extensions.swift */; };
		26DED1C92930EC5D00CC168B /* Int+Extensions.swift in Sources */ = {isa = PBXBuildFile; fileRef = 26DED1C82930EC5D00CC168B /* Int+Extensions.swift */; };
		26DED1CD2930FC2600CC168B /* Bool+Extensions.swift in Sources */ = {isa = PBXBuildFile; fileRef = 26DED1CC2930FC2600CC168B /* Bool+Extensions.swift */; };
/* End PBXBuildFile section */

/* Begin PBXCopyFilesBuildPhase section */
		268C65682930244600E4E49F /* CopyFiles */ = {
			isa = PBXCopyFilesBuildPhase;
			buildActionMask = 2147483647;
			dstPath = /usr/share/man/man1/;
			dstSubfolderSpec = 0;
			files = (
			);
			runOnlyForDeploymentPostprocessing = 1;
		};
/* End PBXCopyFilesBuildPhase section */

/* Begin PBXFileReference section */
		2671CB8B293036860046938B /* Day01.example.part01.out */ = {isa = PBXFileReference; fileEncoding = 4; lastKnownFileType = text; path = Day01.example.part01.out; sourceTree = "<group>"; };
		2671CB8C293036860046938B /* Day01.example.in */ = {isa = PBXFileReference; fileEncoding = 4; lastKnownFileType = text; path = Day01.example.in; sourceTree = "<group>"; };
		2671CB8D293036860046938B /* Day01.in */ = {isa = PBXFileReference; fileEncoding = 4; lastKnownFileType = text; path = Day01.in; sourceTree = "<group>"; };
		2671CB8E293036860046938B /* Day01.example.part02.out */ = {isa = PBXFileReference; fileEncoding = 4; lastKnownFileType = text; path = Day01.example.part02.out; sourceTree = "<group>"; };
		268C656A2930244600E4E49F /* CodeChallenges */ = {isa = PBXFileReference; explicitFileType = "compiled.mach-o.executable"; includeInIndex = 0; path = CodeChallenges; sourceTree = BUILT_PRODUCTS_DIR; };
		268C656D2930244600E4E49F /* main.swift */ = {isa = PBXFileReference; lastKnownFileType = sourcecode.swift; path = main.swift; sourceTree = "<group>"; };
		26AB5B7529302D28002D8A68 /* AdventOfCode2021.swift */ = {isa = PBXFileReference; lastKnownFileType = sourcecode.swift; path = AdventOfCode2021.swift; sourceTree = "<group>"; };
		26AB5B7729302E4C002D8A68 /* Day01.swift */ = {isa = PBXFileReference; lastKnownFileType = sourcecode.swift; path = Day01.swift; sourceTree = "<group>"; };
		26CF2A382930451B00AE18C2 /* Day02.swift */ = {isa = PBXFileReference; lastKnownFileType = sourcecode.swift; path = Day02.swift; sourceTree = "<group>"; };
		26DED1BA293049D600CC168B /* Day02.example.in */ = {isa = PBXFileReference; lastKnownFileType = text; path = Day02.example.in; sourceTree = "<group>"; };
		26DED1BB29304CC300CC168B /* Day02.example.part01.out */ = {isa = PBXFileReference; lastKnownFileType = text; path = Day02.example.part01.out; sourceTree = "<group>"; };
		26DED1BC2930509C00CC168B /* Day02.in */ = {isa = PBXFileReference; lastKnownFileType = text; path = Day02.in; sourceTree = "<group>"; };
		26DED1BD293051A000CC168B /* Day02.example.part02.out */ = {isa = PBXFileReference; lastKnownFileType = text; path = Day02.example.part02.out; sourceTree = "<group>"; };
		26DED1BE2930579B00CC168B /* Day03.example.in */ = {isa = PBXFileReference; lastKnownFileType = text; path = Day03.example.in; sourceTree = "<group>"; };
		26DED1BF293057B200CC168B /* Day03.in */ = {isa = PBXFileReference; lastKnownFileType = text; path = Day03.in; sourceTree = "<group>"; };
		26DED1C0293057E100CC168B /* Day03.example.part01.out */ = {isa = PBXFileReference; lastKnownFileType = text; path = Day03.example.part01.out; sourceTree = "<group>"; };
		26DED1C1293057FC00CC168B /* Day03.example.part02.out */ = {isa = PBXFileReference; lastKnownFileType = text; path = Day03.example.part02.out; sourceTree = "<group>"; };
		26DED1C22930582200CC168B /* Day03.swift */ = {isa = PBXFileReference; lastKnownFileType = sourcecode.swift; path = Day03.swift; sourceTree = "<group>"; };
		26DED1C62930EC1900CC168B /* String+Extensions.swift */ = {isa = PBXFileReference; lastKnownFileType = sourcecode.swift; path = "String+Extensions.swift"; sourceTree = "<group>"; };
		26DED1C82930EC5D00CC168B /* Int+Extensions.swift */ = {isa = PBXFileReference; lastKnownFileType = sourcecode.swift; path = "Int+Extensions.swift"; sourceTree = "<group>"; };
		26DED1CC2930FC2600CC168B /* Bool+Extensions.swift */ = {isa = PBXFileReference; lastKnownFileType = sourcecode.swift; path = "Bool+Extensions.swift"; sourceTree = "<group>"; };
/* End PBXFileReference section */

/* Begin PBXFrameworksBuildPhase section */
		268C65672930244600E4E49F /* Frameworks */ = {
			isa = PBXFrameworksBuildPhase;
			buildActionMask = 2147483647;
			files = (
				26AB5B6E29302AC1002D8A68 /* ChallengeBase in Frameworks */,
			);
			runOnlyForDeploymentPostprocessing = 0;
		};
/* End PBXFrameworksBuildPhase section */

/* Begin PBXGroup section */
		268C65612930244600E4E49F = {
			isa = PBXGroup;
			children = (
				268C656C2930244600E4E49F /* CodeChallenges */,
				268C656B2930244600E4E49F /* Products */,
			);
			sourceTree = "<group>";
		};
		268C656B2930244600E4E49F /* Products */ = {
			isa = PBXGroup;
			children = (
				268C656A2930244600E4E49F /* CodeChallenges */,
			);
			name = Products;
			sourceTree = "<group>";
		};
		268C656C2930244600E4E49F /* CodeChallenges */ = {
			isa = PBXGroup;
			children = (
				268C65752930266900E4E49F /* Challenges */,
				26DED1C52930EC0100CC168B /* Utilities */,
				268C65742930247800E4E49F /* Resources */,
				268C656D2930244600E4E49F /* main.swift */,
			);
			path = CodeChallenges;
			sourceTree = "<group>";
		};
		268C65742930247800E4E49F /* Resources */ = {
			isa = PBXGroup;
			children = (
				26AB5B7029302CBE002D8A68 /* AdventOfCode2021 */,
			);
			path = Resources;
			sourceTree = "<group>";
		};
		268C65752930266900E4E49F /* Challenges */ = {
			isa = PBXGroup;
			children = (
				26AB5B6F29302CB4002D8A68 /* AdventOfCode2021 */,
			);
			path = Challenges;
			sourceTree = "<group>";
		};
		26AB5B6F29302CB4002D8A68 /* AdventOfCode2021 */ = {
			isa = PBXGroup;
			children = (
				26AB5B7529302D28002D8A68 /* AdventOfCode2021.swift */,
				26AB5B7729302E4C002D8A68 /* Day01.swift */,
				26CF2A382930451B00AE18C2 /* Day02.swift */,
				26DED1C22930582200CC168B /* Day03.swift */,
			);
			path = AdventOfCode2021;
			sourceTree = "<group>";
		};
		26AB5B7029302CBE002D8A68 /* AdventOfCode2021 */ = {
			isa = PBXGroup;
			children = (
				2671CB8C293036860046938B /* Day01.example.in */,
				2671CB8B293036860046938B /* Day01.example.part01.out */,
				2671CB8E293036860046938B /* Day01.example.part02.out */,
				2671CB8D293036860046938B /* Day01.in */,
				26DED1BA293049D600CC168B /* Day02.example.in */,
				26DED1BB29304CC300CC168B /* Day02.example.part01.out */,
				26DED1BC2930509C00CC168B /* Day02.in */,
				26DED1BD293051A000CC168B /* Day02.example.part02.out */,
				26DED1BE2930579B00CC168B /* Day03.example.in */,
				26DED1BF293057B200CC168B /* Day03.in */,
				26DED1C0293057E100CC168B /* Day03.example.part01.out */,
				26DED1C1293057FC00CC168B /* Day03.example.part02.out */,
			);
			path = AdventOfCode2021;
			sourceTree = "<group>";
		};
		26DED1C52930EC0100CC168B /* Utilities */ = {
			isa = PBXGroup;
			children = (
				26DED1C62930EC1900CC168B /* String+Extensions.swift */,
				26DED1C82930EC5D00CC168B /* Int+Extensions.swift */,
				26DED1CC2930FC2600CC168B /* Bool+Extensions.swift */,
			);
			path = Utilities;
			sourceTree = "<group>";
		};
/* End PBXGroup section */

/* Begin PBXNativeTarget section */
		268C65692930244600E4E49F /* CodeChallenges */ = {
			isa = PBXNativeTarget;
			buildConfigurationList = 268C65712930244600E4E49F /* Build configuration list for PBXNativeTarget "CodeChallenges" */;
			buildPhases = (
				268C65662930244600E4E49F /* Sources */,
				268C65672930244600E4E49F /* Frameworks */,
				268C65682930244600E4E49F /* CopyFiles */,
			);
			buildRules = (
			);
			dependencies = (
			);
			name = CodeChallenges;
			packageProductDependencies = (
				26AB5B6D29302AC1002D8A68 /* ChallengeBase */,
			);
			productName = CodeChallenges;
			productReference = 268C656A2930244600E4E49F /* CodeChallenges */;
			productType = "com.apple.product-type.tool";
		};
/* End PBXNativeTarget section */

/* Begin PBXProject section */
		268C65622930244600E4E49F /* Project object */ = {
			isa = PBXProject;
			attributes = {
				BuildIndependentTargetsInParallel = 1;
				LastSwiftUpdateCheck = 1410;
				LastUpgradeCheck = 1410;
				TargetAttributes = {
					268C65692930244600E4E49F = {
						CreatedOnToolsVersion = 14.1;
					};
				};
			};
			buildConfigurationList = 268C65652930244600E4E49F /* Build configuration list for PBXProject "CodeChallenges" */;
			compatibilityVersion = "Xcode 14.0";
			developmentRegion = en;
			hasScannedForEncodings = 0;
			knownRegions = (
				en,
				Base,
			);
			mainGroup = 268C65612930244600E4E49F;
			packageReferences = (
				26AB5B6C29302AC1002D8A68 /* XCRemoteSwiftPackageReference "ChallengeBase" */,
			);
			productRefGroup = 268C656B2930244600E4E49F /* Products */;
			projectDirPath = "";
			projectRoot = "";
			targets = (
				268C65692930244600E4E49F /* CodeChallenges */,
			);
		};
/* End PBXProject section */

/* Begin PBXSourcesBuildPhase section */
		268C65662930244600E4E49F /* Sources */ = {
			isa = PBXSourcesBuildPhase;
			buildActionMask = 2147483647;
			files = (
				26AB5B7629302D28002D8A68 /* AdventOfCode2021.swift in Sources */,
				268C656E2930244600E4E49F /* main.swift in Sources */,
				26CF2A392930451B00AE18C2 /* Day02.swift in Sources */,
				26DED1C32930582200CC168B /* Day03.swift in Sources */,
				26DED1C92930EC5D00CC168B /* Int+Extensions.swift in Sources */,
				26DED1C72930EC1900CC168B /* String+Extensions.swift in Sources */,
				26AB5B7829302E4C002D8A68 /* Day01.swift in Sources */,
				26DED1CD2930FC2600CC168B /* Bool+Extensions.swift in Sources */,
			);
			runOnlyForDeploymentPostprocessing = 0;
		};
/* End PBXSourcesBuildPhase section */

/* Begin XCBuildConfiguration section */
		268C656F2930244600E4E49F /* Debug */ = {
			isa = XCBuildConfiguration;
			buildSettings = {
				ALWAYS_SEARCH_USER_PATHS = NO;
				CLANG_ANALYZER_NONNULL = YES;
				CLANG_ANALYZER_NUMBER_OBJECT_CONVERSION = YES_AGGRESSIVE;
				CLANG_CXX_LANGUAGE_STANDARD = "gnu++20";
				CLANG_ENABLE_MODULES = YES;
				CLANG_ENABLE_OBJC_ARC = YES;
				CLANG_ENABLE_OBJC_WEAK = YES;
				CLANG_WARN_BLOCK_CAPTURE_AUTORELEASING = YES;
				CLANG_WARN_BOOL_CONVERSION = YES;
				CLANG_WARN_COMMA = YES;
				CLANG_WARN_CONSTANT_CONVERSION = YES;
				CLANG_WARN_DEPRECATED_OBJC_IMPLEMENTATIONS = YES;
				CLANG_WARN_DIRECT_OBJC_ISA_USAGE = YES_ERROR;
				CLANG_WARN_DOCUMENTATION_COMMENTS = YES;
				CLANG_WARN_EMPTY_BODY = YES;
				CLANG_WARN_ENUM_CONVERSION = YES;
				CLANG_WARN_INFINITE_RECURSION = YES;
				CLANG_WARN_INT_CONVERSION = YES;
				CLANG_WARN_NON_LITERAL_NULL_CONVERSION = YES;
				CLANG_WARN_OBJC_IMPLICIT_RETAIN_SELF = YES;
				CLANG_WARN_OBJC_LITERAL_CONVERSION = YES;
				CLANG_WARN_OBJC_ROOT_CLASS = YES_ERROR;
				CLANG_WARN_QUOTED_INCLUDE_IN_FRAMEWORK_HEADER = YES;
				CLANG_WARN_RANGE_LOOP_ANALYSIS = YES;
				CLANG_WARN_STRICT_PROTOTYPES = YES;
				CLANG_WARN_SUSPICIOUS_MOVE = YES;
				CLANG_WARN_UNGUARDED_AVAILABILITY = YES_AGGRESSIVE;
				CLANG_WARN_UNREACHABLE_CODE = YES;
				CLANG_WARN__DUPLICATE_METHOD_MATCH = YES;
				COPY_PHASE_STRIP = NO;
				DEBUG_INFORMATION_FORMAT = dwarf;
				ENABLE_STRICT_OBJC_MSGSEND = YES;
				ENABLE_TESTABILITY = YES;
				GCC_C_LANGUAGE_STANDARD = gnu11;
				GCC_DYNAMIC_NO_PIC = NO;
				GCC_NO_COMMON_BLOCKS = YES;
				GCC_OPTIMIZATION_LEVEL = 0;
				GCC_PREPROCESSOR_DEFINITIONS = (
					"DEBUG=1",
					"$(inherited)",
				);
				GCC_WARN_64_TO_32_BIT_CONVERSION = YES;
				GCC_WARN_ABOUT_RETURN_TYPE = YES_ERROR;
				GCC_WARN_UNDECLARED_SELECTOR = YES;
				GCC_WARN_UNINITIALIZED_AUTOS = YES_AGGRESSIVE;
				GCC_WARN_UNUSED_FUNCTION = YES;
				GCC_WARN_UNUSED_VARIABLE = YES;
				MACOSX_DEPLOYMENT_TARGET = 13.0;
				MTL_ENABLE_DEBUG_INFO = INCLUDE_SOURCE;
				MTL_FAST_MATH = YES;
				ONLY_ACTIVE_ARCH = YES;
				SDKROOT = macosx;
				SWIFT_ACTIVE_COMPILATION_CONDITIONS = DEBUG;
				SWIFT_OPTIMIZATION_LEVEL = "-Onone";
			};
			name = Debug;
		};
		268C65702930244600E4E49F /* Release */ = {
			isa = XCBuildConfiguration;
			buildSettings = {
				ALWAYS_SEARCH_USER_PATHS = NO;
				CLANG_ANALYZER_NONNULL = YES;
				CLANG_ANALYZER_NUMBER_OBJECT_CONVERSION = YES_AGGRESSIVE;
				CLANG_CXX_LANGUAGE_STANDARD = "gnu++20";
				CLANG_ENABLE_MODULES = YES;
				CLANG_ENABLE_OBJC_ARC = YES;
				CLANG_ENABLE_OBJC_WEAK = YES;
				CLANG_WARN_BLOCK_CAPTURE_AUTORELEASING = YES;
				CLANG_WARN_BOOL_CONVERSION = YES;
				CLANG_WARN_COMMA = YES;
				CLANG_WARN_CONSTANT_CONVERSION = YES;
				CLANG_WARN_DEPRECATED_OBJC_IMPLEMENTATIONS = YES;
				CLANG_WARN_DIRECT_OBJC_ISA_USAGE = YES_ERROR;
				CLANG_WARN_DOCUMENTATION_COMMENTS = YES;
				CLANG_WARN_EMPTY_BODY = YES;
				CLANG_WARN_ENUM_CONVERSION = YES;
				CLANG_WARN_INFINITE_RECURSION = YES;
				CLANG_WARN_INT_CONVERSION = YES;
				CLANG_WARN_NON_LITERAL_NULL_CONVERSION = YES;
				CLANG_WARN_OBJC_IMPLICIT_RETAIN_SELF = YES;
				CLANG_WARN_OBJC_LITERAL_CONVERSION = YES;
				CLANG_WARN_OBJC_ROOT_CLASS = YES_ERROR;
				CLANG_WARN_QUOTED_INCLUDE_IN_FRAMEWORK_HEADER = YES;
				CLANG_WARN_RANGE_LOOP_ANALYSIS = YES;
				CLANG_WARN_STRICT_PROTOTYPES = YES;
				CLANG_WARN_SUSPICIOUS_MOVE = YES;
				CLANG_WARN_UNGUARDED_AVAILABILITY = YES_AGGRESSIVE;
				CLANG_WARN_UNREACHABLE_CODE = YES;
				CLANG_WARN__DUPLICATE_METHOD_MATCH = YES;
				COPY_PHASE_STRIP = NO;
				DEBUG_INFORMATION_FORMAT = "dwarf-with-dsym";
				ENABLE_NS_ASSERTIONS = NO;
				ENABLE_STRICT_OBJC_MSGSEND = YES;
				GCC_C_LANGUAGE_STANDARD = gnu11;
				GCC_NO_COMMON_BLOCKS = YES;
				GCC_WARN_64_TO_32_BIT_CONVERSION = YES;
				GCC_WARN_ABOUT_RETURN_TYPE = YES_ERROR;
				GCC_WARN_UNDECLARED_SELECTOR = YES;
				GCC_WARN_UNINITIALIZED_AUTOS = YES_AGGRESSIVE;
				GCC_WARN_UNUSED_FUNCTION = YES;
				GCC_WARN_UNUSED_VARIABLE = YES;
				MACOSX_DEPLOYMENT_TARGET = 13.0;
				MTL_ENABLE_DEBUG_INFO = NO;
				MTL_FAST_MATH = YES;
				SDKROOT = macosx;
				SWIFT_COMPILATION_MODE = wholemodule;
				SWIFT_OPTIMIZATION_LEVEL = "-O";
			};
			name = Release;
		};
		268C65722930244600E4E49F /* Debug */ = {
			isa = XCBuildConfiguration;
			buildSettings = {
				CODE_SIGN_STYLE = Automatic;
				PRODUCT_NAME = "$(TARGET_NAME)";
				SWIFT_VERSION = 5.0;
			};
			name = Debug;
		};
		268C65732930244600E4E49F /* Release */ = {
			isa = XCBuildConfiguration;
			buildSettings = {
				CODE_SIGN_STYLE = Automatic;
				PRODUCT_NAME = "$(TARGET_NAME)";
				SWIFT_VERSION = 5.0;
			};
			name = Release;
		};
/* End XCBuildConfiguration section */

/* Begin XCConfigurationList section */
		268C65652930244600E4E49F /* Build configuration list for PBXProject "CodeChallenges" */ = {
			isa = XCConfigurationList;
			buildConfigurations = (
				268C656F2930244600E4E49F /* Debug */,
				268C65702930244600E4E49F /* Release */,
			);
			defaultConfigurationIsVisible = 0;
			defaultConfigurationName = Release;
		};
		268C65712930244600E4E49F /* Build configuration list for PBXNativeTarget "CodeChallenges" */ = {
			isa = XCConfigurationList;
			buildConfigurations = (
				268C65722930244600E4E49F /* Debug */,
				268C65732930244600E4E49F /* Release */,
			);
			defaultConfigurationIsVisible = 0;
			defaultConfigurationName = Release;
		};
/* End XCConfigurationList section */

/* Begin XCRemoteSwiftPackageReference section */
		26AB5B6C29302AC1002D8A68 /* XCRemoteSwiftPackageReference "ChallengeBase" */ = {
			isa = XCRemoteSwiftPackageReference;
			repositoryURL = "https://github.com/Kaitachi/ChallengeBase";
			requirement = {
				kind = upToNextMajorVersion;
				minimumVersion = 1.0.0;
			};
		};
/* End XCRemoteSwiftPackageReference section */

/* Begin XCSwiftPackageProductDependency section */
		26AB5B6D29302AC1002D8A68 /* ChallengeBase */ = {
			isa = XCSwiftPackageProductDependency;
			package = 26AB5B6C29302AC1002D8A68 /* XCRemoteSwiftPackageReference "ChallengeBase" */;
			productName = ChallengeBase;
		};
/* End XCSwiftPackageProductDependency section */
	};
	rootObject = 268C65622930244600E4E49F /* Project object */;
}
